
Microsoft Visual Studio Solution File, Format Version 12.00
# Visual Studio Version 17
VisualStudioVersion = 17.5.33627.172
MinimumVisualStudioVersion = 10.0.40219.1
Project("{FAE04EC0-301F-11D3-BF4B-00C04F79EFBC}") = "Money", "Money\Money.csproj", "{72027D3E-41C8-4013-A251-4A9F19220F9C}"
EndProject
Global
	GlobalSection(SolutionConfigurationPlatforms) = preSolution
		Debug|Any CPU = Debug|Any CPU
		Release|Any CPU = Release|Any CPU
	EndGlobalSection
	GlobalSection(ProjectConfigurationPlatforms) = postSolution
		{72027D3E-41C8-4013-A251-4A9F19220F9C}.Debug|Any CPU.ActiveCfg = Debug|Any CPU
		{72027D3E-41C8-4013-A251-4A9F19220F9C}.Debug|Any CPU.Build.0 = Debug|Any CPU
		{72027D3E-41C8-4013-A251-4A9F19220F9C}.Release|Any CPU.ActiveCfg = Release|Any CPU
		{72027D3E-41C8-4013-A251-4A9F19220F9C}.Release|Any CPU.Build.0 = Release|Any CPU
	EndGlobalSection
	GlobalSection(SolutionProperties) = preSolution
		HideSolutionNode = FALSE
	EndGlobalSection
	GlobalSection(ExtensibilityGlobals) = postSolution
		SolutionGuid = {B4801DCA-E76F-410A-9FB6-349D2ED9AC30}
	EndGlobalSection
EndGlobal
